
Microsoft Visual Studio Solution File, Format Version 12.00
# Visual Studio Version 17
VisualStudioVersion = 17.14.36414.22
MinimumVisualStudioVersion = 10.0.40219.1
Project("{FAE04EC0-301F-11D3-BF4B-00C04F79EFBC}") = "CiP-FizzlyBizz", "CiP-FizzlyBizz.csproj", "{62485E03-5647-42C0-B5E4-B5AF03745602}"
EndProject
Project("{FAE04EC0-301F-11D3-BF4B-00C04F79EFBC}") = "CiP-FizzlyBizz.tests", "..\CiP-FizzlyBizz\CiP-FizzlyBizz.tests\CiP-FizzlyBizz.tests.csproj", "{00F62DD4-E897-42CB-B85C-30EAE299036A}"
EndProject
Global
	GlobalSection(SolutionConfigurationPlatforms) = preSolution
		Debug|Any CPU = Debug|Any CPU
		Release|Any CPU = Release|Any CPU
	EndGlobalSection
	GlobalSection(ProjectConfigurationPlatforms) = postSolution
		{62485E03-5647-42C0-B5E4-B5AF03745602}.Debug|Any CPU.ActiveCfg = Debug|Any CPU
		{62485E03-5647-42C0-B5E4-B5AF03745602}.Debug|Any CPU.Build.0 = Debug|Any CPU
		{62485E03-5647-42C0-B5E4-B5AF03745602}.Release|Any CPU.ActiveCfg = Release|Any CPU
		{62485E03-5647-42C0-B5E4-B5AF03745602}.Release|Any CPU.Build.0 = Release|Any CPU
		{00F62DD4-E897-42CB-B85C-30EAE299036A}.Debug|Any CPU.ActiveCfg = Debug|Any CPU
		{00F62DD4-E897-42CB-B85C-30EAE299036A}.Debug|Any CPU.Build.0 = Debug|Any CPU
		{00F62DD4-E897-42CB-B85C-30EAE299036A}.Release|Any CPU.ActiveCfg = Release|Any CPU
		{00F62DD4-E897-42CB-B85C-30EAE299036A}.Release|Any CPU.Build.0 = Release|Any CPU
	EndGlobalSection
	GlobalSection(SolutionProperties) = preSolution
		HideSolutionNode = FALSE
	EndGlobalSection
	GlobalSection(ExtensibilityGlobals) = postSolution
		SolutionGuid = {B59F346C-45E1-4E83-8E00-00C8C21FB14F}
	EndGlobalSection
EndGlobal
